
Microsoft Visual Studio Solution File, Format Version 12.00
# Visual Studio Version 17
VisualStudioVersion = 17.14.36301.6 d17.14
MinimumVisualStudioVersion = 10.0.40219.1
Project("{FAE04EC0-301F-11D3-BF4B-00C04F79EFBC}") = "Professor", "Professor\Professor.csproj", "{64790BAC-D2B1-4616-B861-C19F3DD82D09}"
EndProject
Project("{FAE04EC0-301F-11D3-BF4B-00C04F79EFBC}") = "Alumne", "Alumne\Alumne.csproj", "{929EA363-1BEB-487C-B4C9-F840779AC1E3}"
EndProject
Project("{FAE04EC0-301F-11D3-BF4B-00C04F79EFBC}") = "Suport", "Suport\Suport.csproj", "{CA301166-142C-4D77-BA7B-50E07672FF82}"
EndProject
Global
	GlobalSection(SolutionConfigurationPlatforms) = preSolution
		Debug|Any CPU = Debug|Any CPU
		Release|Any CPU = Release|Any CPU
	EndGlobalSection
	GlobalSection(ProjectConfigurationPlatforms) = postSolution
		{64790BAC-D2B1-4616-B861-C19F3DD82D09}.Debug|Any CPU.ActiveCfg = Debug|Any CPU
		{64790BAC-D2B1-4616-B861-C19F3DD82D09}.Debug|Any CPU.Build.0 = Debug|Any CPU
		{64790BAC-D2B1-4616-B861-C19F3DD82D09}.Release|Any CPU.ActiveCfg = Release|Any CPU
		{64790BAC-D2B1-4616-B861-C19F3DD82D09}.Release|Any CPU.Build.0 = Release|Any CPU
		{929EA363-1BEB-487C-B4C9-F840779AC1E3}.Debug|Any CPU.ActiveCfg = Debug|Any CPU
		{929EA363-1BEB-487C-B4C9-F840779AC1E3}.Debug|Any CPU.Build.0 = Debug|Any CPU
		{929EA363-1BEB-487C-B4C9-F840779AC1E3}.Release|Any CPU.ActiveCfg = Release|Any CPU
		{929EA363-1BEB-487C-B4C9-F840779AC1E3}.Release|Any CPU.Build.0 = Release|Any CPU
		{CA301166-142C-4D77-BA7B-50E07672FF82}.Debug|Any CPU.ActiveCfg = Debug|Any CPU
		{CA301166-142C-4D77-BA7B-50E07672FF82}.Debug|Any CPU.Build.0 = Debug|Any CPU
		{CA301166-142C-4D77-BA7B-50E07672FF82}.Release|Any CPU.ActiveCfg = Release|Any CPU
		{CA301166-142C-4D77-BA7B-50E07672FF82}.Release|Any CPU.Build.0 = Release|Any CPU
	EndGlobalSection
	GlobalSection(SolutionProperties) = preSolution
		HideSolutionNode = FALSE
	EndGlobalSection
	GlobalSection(ExtensibilityGlobals) = postSolution
		SolutionGuid = {844C62ED-52D2-4392-BFD3-1BC69C7E8B9D}
	EndGlobalSection
EndGlobal
